
Microsoft Visual Studio Solution File, Format Version 12.00
# Visual Studio Version 17
VisualStudioVersion = 17.12.35527.113 d17.12
MinimumVisualStudioVersion = 10.0.40219.1
Project("{FAE04EC0-301F-11D3-BF4B-00C04F79EFBC}") = "EDGARScraper", "EDGARScraper.csproj", "{BC94C01E-1A22-4354-B7A6-323E3B52AAB1}"
EndProject
Project("{2150E333-8FDC-42A3-9474-1A3956D46DE8}") = "Solution Files", "Solution Files", "{861B639E-5EAB-4BF9-A416-9F0EC4020512}"
	ProjectSection(SolutionItems) = preProject
		.gitignore = .gitignore
	EndProjectSection
EndProject
Global
	GlobalSection(SolutionConfigurationPlatforms) = preSolution
		Debug|Any CPU = Debug|Any CPU
		Release|Any CPU = Release|Any CPU
	EndGlobalSection
	GlobalSection(ProjectConfigurationPlatforms) = postSolution
		{BC94C01E-1A22-4354-B7A6-323E3B52AAB1}.Debug|Any CPU.ActiveCfg = Debug|Any CPU
		{BC94C01E-1A22-4354-B7A6-323E3B52AAB1}.Debug|Any CPU.Build.0 = Debug|Any CPU
		{BC94C01E-1A22-4354-B7A6-323E3B52AAB1}.Release|Any CPU.ActiveCfg = Release|Any CPU
		{BC94C01E-1A22-4354-B7A6-323E3B52AAB1}.Release|Any CPU.Build.0 = Release|Any CPU
	EndGlobalSection
	GlobalSection(SolutionProperties) = preSolution
		HideSolutionNode = FALSE
	EndGlobalSection
EndGlobal
